// !$*UTF8*$!
{
	archiveVersion = 1;
	classes = {
	};
	objectVersion = 56;
	objects = {

/* Begin PBXBuildFile section */
		6607871C2B52167900F4A94E /* AlertBuilder.swift in Sources */ = {isa = PBXBuildFile; fileRef = 6607871B2B52167900F4A94E /* AlertBuilder.swift */; };
		6607871E2B52223C00F4A94E /* UIScrollView.swift in Sources */ = {isa = PBXBuildFile; fileRef = 6607871D2B52223C00F4A94E /* UIScrollView.swift */; };
		660787252B527D8100F4A94E /* Pods_MyMusic.framework in Frameworks */ = {isa = PBXBuildFile; fileRef = 6D4DF0A5A6992E3817E66D5D /* Pods_MyMusic.framework */; };
		660787262B527D8100F4A94E /* Pods_MyMusic.framework in Embed Frameworks */ = {isa = PBXBuildFile; fileRef = 6D4DF0A5A6992E3817E66D5D /* Pods_MyMusic.framework */; settings = {ATTRIBUTES = (CodeSignOnCopy, RemoveHeadersOnCopy, ); }; };
		6607872B2B5285BD00F4A94E /* Notification+Name.swift in Sources */ = {isa = PBXBuildFile; fileRef = 6607872A2B5285BD00F4A94E /* Notification+Name.swift */; };
		660787302B52886200F4A94E /* UserDefaultsKey.swift in Sources */ = {isa = PBXBuildFile; fileRef = 6607872F2B52886200F4A94E /* UserDefaultsKey.swift */; };
		660787322B52891D00F4A94E /* UserDefaultsService.swift in Sources */ = {isa = PBXBuildFile; fileRef = 660787312B52891D00F4A94E /* UserDefaultsService.swift */; };
		660787352B52999100F4A94E /* DefaultUserDefaultsHomeStorage.swift in Sources */ = {isa = PBXBuildFile; fileRef = 660787342B52999100F4A94E /* DefaultUserDefaultsHomeStorage.swift */; };
		6607873B2B529C4800F4A94E /* UserDefaultsStorage.swift in Sources */ = {isa = PBXBuildFile; fileRef = 6607873A2B529C4800F4A94E /* UserDefaultsStorage.swift */; };
		6607873D2B529CCF00F4A94E /* DefaultMusicRepository.swift in Sources */ = {isa = PBXBuildFile; fileRef = 6607873C2B529CCF00F4A94E /* DefaultMusicRepository.swift */; };
		6607873F2B529CEC00F4A94E /* MusicRepository.swift in Sources */ = {isa = PBXBuildFile; fileRef = 6607873E2B529CEC00F4A94E /* MusicRepository.swift */; };
		660787472B52AACF00F4A94E /* HomeContentView.swift in Sources */ = {isa = PBXBuildFile; fileRef = 660787462B52AACF00F4A94E /* HomeContentView.swift */; };
		6607874A2B52AECB00F4A94E /* HomeContentViewBuilder.swift in Sources */ = {isa = PBXBuildFile; fileRef = 660787492B52AECB00F4A94E /* HomeContentViewBuilder.swift */; };
		664F99E52B5037AC0005A95D /* Constants+Permission.swift in Sources */ = {isa = PBXBuildFile; fileRef = 664F99E42B5037AC0005A95D /* Constants+Permission.swift */; };
		A8694C612B4E5F81006A4914 /* UIViewController+Preview.swift in Sources */ = {isa = PBXBuildFile; fileRef = A8694C602B4E5F81006A4914 /* UIViewController+Preview.swift */; };
		A8694CCD2B4E728D006A4914 /* MyMusicTests.swift in Sources */ = {isa = PBXBuildFile; fileRef = A8694CCC2B4E728D006A4914 /* MyMusicTests.swift */; };
		A8694CDF2B4E7398006A4914 /* Constants+Home.swift in Sources */ = {isa = PBXBuildFile; fileRef = A8694CDE2B4E7398006A4914 /* Constants+Home.swift */; };
		A8694CE12B4FB890006A4914 /* UIViewController+Rx.swift in Sources */ = {isa = PBXBuildFile; fileRef = A8694CE02B4FB890006A4914 /* UIViewController+Rx.swift */; };
		A8694CE32B4FB8B1006A4914 /* Observable+Operation.swift in Sources */ = {isa = PBXBuildFile; fileRef = A8694CE22B4FB8B1006A4914 /* Observable+Operation.swift */; };
		A8694CE82B4FBB88006A4914 /* PermissionViewController.swift in Sources */ = {isa = PBXBuildFile; fileRef = A8694CE72B4FBB88006A4914 /* PermissionViewController.swift */; };
		A8694CEB2B4FD3F7006A4914 /* MusicUseCase.swift in Sources */ = {isa = PBXBuildFile; fileRef = A8694CEA2B4FD3F7006A4914 /* MusicUseCase.swift */; };
		A8694CED2B4FD45A006A4914 /* PermissionViewModel.swift in Sources */ = {isa = PBXBuildFile; fileRef = A8694CEC2B4FD45A006A4914 /* PermissionViewModel.swift */; };
		A8694CF02B50AD64006A4914 /* AlertBaseView.swift in Sources */ = {isa = PBXBuildFile; fileRef = A8694CEF2B50AD64006A4914 /* AlertBaseView.swift */; };
		A8694CF32B50AE27006A4914 /* CustomButton.swift in Sources */ = {isa = PBXBuildFile; fileRef = A8694CF22B50AE27006A4914 /* CustomButton.swift */; };
		A8694CF62B50AE5A006A4914 /* ButtonStyle.swift in Sources */ = {isa = PBXBuildFile; fileRef = A8694CF52B50AE5A006A4914 /* ButtonStyle.swift */; };
		A8694CF82B50B152006A4914 /* UIView+Shadow.swift in Sources */ = {isa = PBXBuildFile; fileRef = A8694CF72B50B152006A4914 /* UIView+Shadow.swift */; };
		A8694CFA2B50B17D006A4914 /* CALayer+Shadow.swift in Sources */ = {isa = PBXBuildFile; fileRef = A8694CF92B50B17D006A4914 /* CALayer+Shadow.swift */; };
		A8694CFC2B50B719006A4914 /* NSAttributedString+Operator.swift in Sources */ = {isa = PBXBuildFile; fileRef = A8694CFB2B50B719006A4914 /* NSAttributedString+Operator.swift */; };
		A8694CFE2B50D6E2006A4914 /* OutlineButton.swift in Sources */ = {isa = PBXBuildFile; fileRef = A8694CFD2B50D6E2006A4914 /* OutlineButton.swift */; };
		A8F2063C2B4E0B15007A5935 /* AppDelegate.swift in Sources */ = {isa = PBXBuildFile; fileRef = A8F2063B2B4E0B15007A5935 /* AppDelegate.swift */; };
		A8F2063E2B4E0B15007A5935 /* SceneDelegate.swift in Sources */ = {isa = PBXBuildFile; fileRef = A8F2063D2B4E0B15007A5935 /* SceneDelegate.swift */; };
		A8F206452B4E0B16007A5935 /* Assets.xcassets in Resources */ = {isa = PBXBuildFile; fileRef = A8F206442B4E0B16007A5935 /* Assets.xcassets */; };
		A8F206482B4E0B16007A5935 /* LaunchScreen.storyboard in Resources */ = {isa = PBXBuildFile; fileRef = A8F206462B4E0B16007A5935 /* LaunchScreen.storyboard */; };
		A8F206582B4E0BAE007A5935 /* Coordinator.swift in Sources */ = {isa = PBXBuildFile; fileRef = A8F206572B4E0BAE007A5935 /* Coordinator.swift */; };
		A8F2065B2B4E0BE9007A5935 /* AppConfiguration.swift in Sources */ = {isa = PBXBuildFile; fileRef = A8F2065A2B4E0BE9007A5935 /* AppConfiguration.swift */; };
		A8F2065D2B4E0BFC007A5935 /* AppFlowCoordinator.swift in Sources */ = {isa = PBXBuildFile; fileRef = A8F2065C2B4E0BFC007A5935 /* AppFlowCoordinator.swift */; };
		A8F2065F2B4E0C0B007A5935 /* AppDIContainer.swift in Sources */ = {isa = PBXBuildFile; fileRef = A8F2065E2B4E0C0B007A5935 /* AppDIContainer.swift */; };
		A8F206612B4E0C1E007A5935 /* MainSceneDIContainer.swift in Sources */ = {isa = PBXBuildFile; fileRef = A8F206602B4E0C1E007A5935 /* MainSceneDIContainer.swift */; };
		A8F206642B4E0C3A007A5935 /* DataTransfrerService.swift in Sources */ = {isa = PBXBuildFile; fileRef = A8F206632B4E0C3A007A5935 /* DataTransfrerService.swift */; };
		A8F206662B4E0C46007A5935 /* NetworkService.swift in Sources */ = {isa = PBXBuildFile; fileRef = A8F206652B4E0C46007A5935 /* NetworkService.swift */; };
		A8F206682B4E0C54007A5935 /* Endpoint.swift in Sources */ = {isa = PBXBuildFile; fileRef = A8F206672B4E0C54007A5935 /* Endpoint.swift */; };
		A8F2066A2B4E0C5A007A5935 /* NetworkConfig.swift in Sources */ = {isa = PBXBuildFile; fileRef = A8F206692B4E0C5A007A5935 /* NetworkConfig.swift */; };
		A8F2066D2B4E0C7C007A5935 /* TabBarCoordinator.swift in Sources */ = {isa = PBXBuildFile; fileRef = A8F2066C2B4E0C7C007A5935 /* TabBarCoordinator.swift */; };
		A8F2066F2B4E0C81007A5935 /* TabBarPage.swift in Sources */ = {isa = PBXBuildFile; fileRef = A8F2066E2B4E0C81007A5935 /* TabBarPage.swift */; };
		A8F206722B4E0CF4007A5935 /* HomeCoordinator.swift in Sources */ = {isa = PBXBuildFile; fileRef = A8F206712B4E0CF4007A5935 /* HomeCoordinator.swift */; };
		A8F206742B4E0D03007A5935 /* HomeViewController.swift in Sources */ = {isa = PBXBuildFile; fileRef = A8F206732B4E0D03007A5935 /* HomeViewController.swift */; };
		A8F206762B4E0D07007A5935 /* HomeViewModel.swift in Sources */ = {isa = PBXBuildFile; fileRef = A8F206752B4E0D07007A5935 /* HomeViewModel.swift */; };
		A8F2067C2B4E0D26007A5935 /* SettingCoordinator.swift in Sources */ = {isa = PBXBuildFile; fileRef = A8F2067B2B4E0D26007A5935 /* SettingCoordinator.swift */; };
		A8F2067F2B4E0D30007A5935 /* SettingViewModel.swift in Sources */ = {isa = PBXBuildFile; fileRef = A8F2067E2B4E0D30007A5935 /* SettingViewModel.swift */; };
		A8F206812B4E0D35007A5935 /* SettingViewController.swift in Sources */ = {isa = PBXBuildFile; fileRef = A8F206802B4E0D35007A5935 /* SettingViewController.swift */; };
		A8F206872B4E0D83007A5935 /* HomeUseCase.swift in Sources */ = {isa = PBXBuildFile; fileRef = A8F206862B4E0D83007A5935 /* HomeUseCase.swift */; };
		A8F206892B4E0D87007A5935 /* SettingUseCase.swift in Sources */ = {isa = PBXBuildFile; fileRef = A8F206882B4E0D87007A5935 /* SettingUseCase.swift */; };
		A8F2068E2B4E0D9F007A5935 /* SettingRepository.swift in Sources */ = {isa = PBXBuildFile; fileRef = A8F2068D2B4E0D9F007A5935 /* SettingRepository.swift */; };
		A8F206902B4E0DA9007A5935 /* HomeRepository.swift in Sources */ = {isa = PBXBuildFile; fileRef = A8F2068F2B4E0DA9007A5935 /* HomeRepository.swift */; };
		A8F206952B4E0DB9007A5935 /* DefaultHomeRepository.swift in Sources */ = {isa = PBXBuildFile; fileRef = A8F206942B4E0DB9007A5935 /* DefaultHomeRepository.swift */; };
		A8F206972B4E0DC0007A5935 /* DefaultSettingRepository.swift in Sources */ = {isa = PBXBuildFile; fileRef = A8F206962B4E0DC0007A5935 /* DefaultSettingRepository.swift */; };
		A8F2069D2B4E0E9E007A5935 /* NavigationView.swift in Sources */ = {isa = PBXBuildFile; fileRef = A8F2069C2B4E0E9E007A5935 /* NavigationView.swift */; };
		A8F206A02B4E0EE5007A5935 /* Constants.swift in Sources */ = {isa = PBXBuildFile; fileRef = A8F2069F2B4E0EE5007A5935 /* Constants.swift */; };
		A8F206C92B4E38BE007A5935 /* NetworkManager.swift in Sources */ = {isa = PBXBuildFile; fileRef = A8F206C82B4E38BE007A5935 /* NetworkManager.swift */; };
		BD8782527C54558F90B66C6C /* Pods_MyMusicTests.framework in Frameworks */ = {isa = PBXBuildFile; fileRef = 5761DDB1D1BFA9452EC2721F /* Pods_MyMusicTests.framework */; };
/* End PBXBuildFile section */

/* Begin PBXContainerItemProxy section */
		A8694CCE2B4E728D006A4914 /* PBXContainerItemProxy */ = {
			isa = PBXContainerItemProxy;
			containerPortal = A8F206302B4E0B15007A5935 /* Project object */;
			proxyType = 1;
			remoteGlobalIDString = A8F206372B4E0B15007A5935;
			remoteInfo = MyMusic;
		};
/* End PBXContainerItemProxy section */

/* Begin PBXCopyFilesBuildPhase section */
		A8694C662B4E65CD006A4914 /* Embed Frameworks */ = {
			isa = PBXCopyFilesBuildPhase;
			buildActionMask = 2147483647;
			dstPath = "";
			dstSubfolderSpec = 10;
			files = (
				660787262B527D8100F4A94E /* Pods_MyMusic.framework in Embed Frameworks */,
			);
			name = "Embed Frameworks";
			runOnlyForDeploymentPostprocessing = 0;
		};
		A8694CD82B4E72CD006A4914 /* Embed Frameworks */ = {
			isa = PBXCopyFilesBuildPhase;
			buildActionMask = 2147483647;
			dstPath = "";
			dstSubfolderSpec = 10;
			files = (
			);
			name = "Embed Frameworks";
			runOnlyForDeploymentPostprocessing = 0;
		};
/* End PBXCopyFilesBuildPhase section */

/* Begin PBXFileReference section */
		14A5960E7A28F23D0829F40C /* Pods-MyMusicTests.release.xcconfig */ = {isa = PBXFileReference; includeInIndex = 1; lastKnownFileType = text.xcconfig; name = "Pods-MyMusicTests.release.xcconfig"; path = "Target Support Files/Pods-MyMusicTests/Pods-MyMusicTests.release.xcconfig"; sourceTree = "<group>"; };
		5761DDB1D1BFA9452EC2721F /* Pods_MyMusicTests.framework */ = {isa = PBXFileReference; explicitFileType = wrapper.framework; includeInIndex = 0; path = Pods_MyMusicTests.framework; sourceTree = BUILT_PRODUCTS_DIR; };
		6607871B2B52167900F4A94E /* AlertBuilder.swift */ = {isa = PBXFileReference; lastKnownFileType = sourcecode.swift; path = AlertBuilder.swift; sourceTree = "<group>"; };
		6607871D2B52223C00F4A94E /* UIScrollView.swift */ = {isa = PBXFileReference; lastKnownFileType = sourcecode.swift; path = UIScrollView.swift; sourceTree = "<group>"; };
		660787292B52807500F4A94E /* Environment-Debug.xcconfig */ = {isa = PBXFileReference; lastKnownFileType = text.xcconfig; path = "Environment-Debug.xcconfig"; sourceTree = "<group>"; };
		6607872A2B5285BD00F4A94E /* Notification+Name.swift */ = {isa = PBXFileReference; lastKnownFileType = sourcecode.swift; path = "Notification+Name.swift"; sourceTree = "<group>"; };
		6607872F2B52886200F4A94E /* UserDefaultsKey.swift */ = {isa = PBXFileReference; lastKnownFileType = sourcecode.swift; path = UserDefaultsKey.swift; sourceTree = "<group>"; };
		660787312B52891D00F4A94E /* UserDefaultsService.swift */ = {isa = PBXFileReference; lastKnownFileType = sourcecode.swift; path = UserDefaultsService.swift; sourceTree = "<group>"; };
		660787342B52999100F4A94E /* DefaultUserDefaultsHomeStorage.swift */ = {isa = PBXFileReference; lastKnownFileType = sourcecode.swift; path = DefaultUserDefaultsHomeStorage.swift; sourceTree = "<group>"; };
		6607873A2B529C4800F4A94E /* UserDefaultsStorage.swift */ = {isa = PBXFileReference; lastKnownFileType = sourcecode.swift; path = UserDefaultsStorage.swift; sourceTree = "<group>"; };
		6607873C2B529CCF00F4A94E /* DefaultMusicRepository.swift */ = {isa = PBXFileReference; lastKnownFileType = sourcecode.swift; path = DefaultMusicRepository.swift; sourceTree = "<group>"; };
		6607873E2B529CEC00F4A94E /* MusicRepository.swift */ = {isa = PBXFileReference; lastKnownFileType = sourcecode.swift; path = MusicRepository.swift; sourceTree = "<group>"; };
		660787462B52AACF00F4A94E /* HomeContentView.swift */ = {isa = PBXFileReference; lastKnownFileType = sourcecode.swift; path = HomeContentView.swift; sourceTree = "<group>"; };
		660787492B52AECB00F4A94E /* HomeContentViewBuilder.swift */ = {isa = PBXFileReference; lastKnownFileType = sourcecode.swift; path = HomeContentViewBuilder.swift; sourceTree = "<group>"; };
		664F99E32B50324F0005A95D /* Environment-Release.xcconfig */ = {isa = PBXFileReference; lastKnownFileType = text.xcconfig; path = "Environment-Release.xcconfig"; sourceTree = "<group>"; };
		664F99E42B5037AC0005A95D /* Constants+Permission.swift */ = {isa = PBXFileReference; lastKnownFileType = sourcecode.swift; path = "Constants+Permission.swift"; sourceTree = "<group>"; };
		6D4DF0A5A6992E3817E66D5D /* Pods_MyMusic.framework */ = {isa = PBXFileReference; explicitFileType = wrapper.framework; includeInIndex = 0; path = Pods_MyMusic.framework; sourceTree = BUILT_PRODUCTS_DIR; };
		70FD273255B2377B671B3208 /* Pods-MyMusic.debug.xcconfig */ = {isa = PBXFileReference; includeInIndex = 1; lastKnownFileType = text.xcconfig; name = "Pods-MyMusic.debug.xcconfig"; path = "Target Support Files/Pods-MyMusic/Pods-MyMusic.debug.xcconfig"; sourceTree = "<group>"; };
		960FD3C346CA493601895192 /* Pods-MyMusicTests.debug.xcconfig */ = {isa = PBXFileReference; includeInIndex = 1; lastKnownFileType = text.xcconfig; name = "Pods-MyMusicTests.debug.xcconfig"; path = "Target Support Files/Pods-MyMusicTests/Pods-MyMusicTests.debug.xcconfig"; sourceTree = "<group>"; };
		A8694C602B4E5F81006A4914 /* UIViewController+Preview.swift */ = {isa = PBXFileReference; lastKnownFileType = sourcecode.swift; path = "UIViewController+Preview.swift"; sourceTree = "<group>"; };
		A8694CCA2B4E728D006A4914 /* MyMusicTests.xctest */ = {isa = PBXFileReference; explicitFileType = wrapper.cfbundle; includeInIndex = 0; path = MyMusicTests.xctest; sourceTree = BUILT_PRODUCTS_DIR; };
		A8694CCC2B4E728D006A4914 /* MyMusicTests.swift */ = {isa = PBXFileReference; lastKnownFileType = sourcecode.swift; path = MyMusicTests.swift; sourceTree = "<group>"; };
		A8694CDE2B4E7398006A4914 /* Constants+Home.swift */ = {isa = PBXFileReference; lastKnownFileType = sourcecode.swift; path = "Constants+Home.swift"; sourceTree = "<group>"; };
		A8694CE02B4FB890006A4914 /* UIViewController+Rx.swift */ = {isa = PBXFileReference; lastKnownFileType = sourcecode.swift; path = "UIViewController+Rx.swift"; sourceTree = "<group>"; };
		A8694CE22B4FB8B1006A4914 /* Observable+Operation.swift */ = {isa = PBXFileReference; lastKnownFileType = sourcecode.swift; path = "Observable+Operation.swift"; sourceTree = "<group>"; };
		A8694CE72B4FBB88006A4914 /* PermissionViewController.swift */ = {isa = PBXFileReference; lastKnownFileType = sourcecode.swift; path = PermissionViewController.swift; sourceTree = "<group>"; };
		A8694CEA2B4FD3F7006A4914 /* MusicUseCase.swift */ = {isa = PBXFileReference; lastKnownFileType = sourcecode.swift; path = MusicUseCase.swift; sourceTree = "<group>"; };
		A8694CEC2B4FD45A006A4914 /* PermissionViewModel.swift */ = {isa = PBXFileReference; lastKnownFileType = sourcecode.swift; path = PermissionViewModel.swift; sourceTree = "<group>"; };
		A8694CEF2B50AD64006A4914 /* AlertBaseView.swift */ = {isa = PBXFileReference; lastKnownFileType = sourcecode.swift; path = AlertBaseView.swift; sourceTree = "<group>"; };
		A8694CF22B50AE27006A4914 /* CustomButton.swift */ = {isa = PBXFileReference; lastKnownFileType = sourcecode.swift; path = CustomButton.swift; sourceTree = "<group>"; };
		A8694CF52B50AE5A006A4914 /* ButtonStyle.swift */ = {isa = PBXFileReference; lastKnownFileType = sourcecode.swift; path = ButtonStyle.swift; sourceTree = "<group>"; };
		A8694CF72B50B152006A4914 /* UIView+Shadow.swift */ = {isa = PBXFileReference; lastKnownFileType = sourcecode.swift; path = "UIView+Shadow.swift"; sourceTree = "<group>"; };
		A8694CF92B50B17D006A4914 /* CALayer+Shadow.swift */ = {isa = PBXFileReference; lastKnownFileType = sourcecode.swift; path = "CALayer+Shadow.swift"; sourceTree = "<group>"; };
		A8694CFB2B50B719006A4914 /* NSAttributedString+Operator.swift */ = {isa = PBXFileReference; lastKnownFileType = sourcecode.swift; path = "NSAttributedString+Operator.swift"; sourceTree = "<group>"; };
		A8694CFD2B50D6E2006A4914 /* OutlineButton.swift */ = {isa = PBXFileReference; lastKnownFileType = sourcecode.swift; path = OutlineButton.swift; sourceTree = "<group>"; };
		A8F206382B4E0B15007A5935 /* MyMusic.app */ = {isa = PBXFileReference; explicitFileType = wrapper.application; includeInIndex = 0; path = MyMusic.app; sourceTree = BUILT_PRODUCTS_DIR; };
		A8F2063B2B4E0B15007A5935 /* AppDelegate.swift */ = {isa = PBXFileReference; lastKnownFileType = sourcecode.swift; path = AppDelegate.swift; sourceTree = "<group>"; };
		A8F2063D2B4E0B15007A5935 /* SceneDelegate.swift */ = {isa = PBXFileReference; lastKnownFileType = sourcecode.swift; path = SceneDelegate.swift; sourceTree = "<group>"; };
		A8F206442B4E0B16007A5935 /* Assets.xcassets */ = {isa = PBXFileReference; lastKnownFileType = folder.assetcatalog; path = Assets.xcassets; sourceTree = "<group>"; };
		A8F206472B4E0B16007A5935 /* Base */ = {isa = PBXFileReference; lastKnownFileType = file.storyboard; name = Base; path = Base.lproj/LaunchScreen.storyboard; sourceTree = "<group>"; };
		A8F206492B4E0B16007A5935 /* Info.plist */ = {isa = PBXFileReference; lastKnownFileType = text.plist.xml; path = Info.plist; sourceTree = "<group>"; };
		A8F206572B4E0BAE007A5935 /* Coordinator.swift */ = {isa = PBXFileReference; lastKnownFileType = sourcecode.swift; path = Coordinator.swift; sourceTree = "<group>"; };
		A8F2065A2B4E0BE9007A5935 /* AppConfiguration.swift */ = {isa = PBXFileReference; lastKnownFileType = sourcecode.swift; path = AppConfiguration.swift; sourceTree = "<group>"; };
		A8F2065C2B4E0BFC007A5935 /* AppFlowCoordinator.swift */ = {isa = PBXFileReference; lastKnownFileType = sourcecode.swift; path = AppFlowCoordinator.swift; sourceTree = "<group>"; };
		A8F2065E2B4E0C0B007A5935 /* AppDIContainer.swift */ = {isa = PBXFileReference; lastKnownFileType = sourcecode.swift; path = AppDIContainer.swift; sourceTree = "<group>"; };
		A8F206602B4E0C1E007A5935 /* MainSceneDIContainer.swift */ = {isa = PBXFileReference; lastKnownFileType = sourcecode.swift; path = MainSceneDIContainer.swift; sourceTree = "<group>"; };
		A8F206632B4E0C3A007A5935 /* DataTransfrerService.swift */ = {isa = PBXFileReference; lastKnownFileType = sourcecode.swift; path = DataTransfrerService.swift; sourceTree = "<group>"; };
		A8F206652B4E0C46007A5935 /* NetworkService.swift */ = {isa = PBXFileReference; lastKnownFileType = sourcecode.swift; path = NetworkService.swift; sourceTree = "<group>"; };
		A8F206672B4E0C54007A5935 /* Endpoint.swift */ = {isa = PBXFileReference; lastKnownFileType = sourcecode.swift; path = Endpoint.swift; sourceTree = "<group>"; };
		A8F206692B4E0C5A007A5935 /* NetworkConfig.swift */ = {isa = PBXFileReference; lastKnownFileType = sourcecode.swift; path = NetworkConfig.swift; sourceTree = "<group>"; };
		A8F2066C2B4E0C7C007A5935 /* TabBarCoordinator.swift */ = {isa = PBXFileReference; lastKnownFileType = sourcecode.swift; path = TabBarCoordinator.swift; sourceTree = "<group>"; };
		A8F2066E2B4E0C81007A5935 /* TabBarPage.swift */ = {isa = PBXFileReference; lastKnownFileType = sourcecode.swift; path = TabBarPage.swift; sourceTree = "<group>"; };
		A8F206712B4E0CF4007A5935 /* HomeCoordinator.swift */ = {isa = PBXFileReference; lastKnownFileType = sourcecode.swift; path = HomeCoordinator.swift; sourceTree = "<group>"; };
		A8F206732B4E0D03007A5935 /* HomeViewController.swift */ = {isa = PBXFileReference; lastKnownFileType = sourcecode.swift; path = HomeViewController.swift; sourceTree = "<group>"; };
		A8F206752B4E0D07007A5935 /* HomeViewModel.swift */ = {isa = PBXFileReference; lastKnownFileType = sourcecode.swift; path = HomeViewModel.swift; sourceTree = "<group>"; };
		A8F2067B2B4E0D26007A5935 /* SettingCoordinator.swift */ = {isa = PBXFileReference; lastKnownFileType = sourcecode.swift; path = SettingCoordinator.swift; sourceTree = "<group>"; };
		A8F2067E2B4E0D30007A5935 /* SettingViewModel.swift */ = {isa = PBXFileReference; lastKnownFileType = sourcecode.swift; path = SettingViewModel.swift; sourceTree = "<group>"; };
		A8F206802B4E0D35007A5935 /* SettingViewController.swift */ = {isa = PBXFileReference; lastKnownFileType = sourcecode.swift; path = SettingViewController.swift; sourceTree = "<group>"; };
		A8F206862B4E0D83007A5935 /* HomeUseCase.swift */ = {isa = PBXFileReference; lastKnownFileType = sourcecode.swift; path = HomeUseCase.swift; sourceTree = "<group>"; };
		A8F206882B4E0D87007A5935 /* SettingUseCase.swift */ = {isa = PBXFileReference; lastKnownFileType = sourcecode.swift; path = SettingUseCase.swift; sourceTree = "<group>"; };
		A8F2068D2B4E0D9F007A5935 /* SettingRepository.swift */ = {isa = PBXFileReference; lastKnownFileType = sourcecode.swift; path = SettingRepository.swift; sourceTree = "<group>"; };
		A8F2068F2B4E0DA9007A5935 /* HomeRepository.swift */ = {isa = PBXFileReference; lastKnownFileType = sourcecode.swift; path = HomeRepository.swift; sourceTree = "<group>"; };
		A8F206942B4E0DB9007A5935 /* DefaultHomeRepository.swift */ = {isa = PBXFileReference; lastKnownFileType = sourcecode.swift; path = DefaultHomeRepository.swift; sourceTree = "<group>"; };
		A8F206962B4E0DC0007A5935 /* DefaultSettingRepository.swift */ = {isa = PBXFileReference; lastKnownFileType = sourcecode.swift; path = DefaultSettingRepository.swift; sourceTree = "<group>"; };
		A8F2069C2B4E0E9E007A5935 /* NavigationView.swift */ = {isa = PBXFileReference; lastKnownFileType = sourcecode.swift; path = NavigationView.swift; sourceTree = "<group>"; };
		A8F2069F2B4E0EE5007A5935 /* Constants.swift */ = {isa = PBXFileReference; lastKnownFileType = sourcecode.swift; path = Constants.swift; sourceTree = "<group>"; };
		A8F206C82B4E38BE007A5935 /* NetworkManager.swift */ = {isa = PBXFileReference; lastKnownFileType = sourcecode.swift; path = NetworkManager.swift; sourceTree = "<group>"; };
		CF1FB06AE828DA33550C919C /* Pods-MyMusic.release.xcconfig */ = {isa = PBXFileReference; includeInIndex = 1; lastKnownFileType = text.xcconfig; name = "Pods-MyMusic.release.xcconfig"; path = "Target Support Files/Pods-MyMusic/Pods-MyMusic.release.xcconfig"; sourceTree = "<group>"; };
/* End PBXFileReference section */

/* Begin PBXFrameworksBuildPhase section */
		A8694CC72B4E728D006A4914 /* Frameworks */ = {
			isa = PBXFrameworksBuildPhase;
			buildActionMask = 2147483647;
			files = (
				BD8782527C54558F90B66C6C /* Pods_MyMusicTests.framework in Frameworks */,
			);
			runOnlyForDeploymentPostprocessing = 0;
		};
		A8F206352B4E0B15007A5935 /* Frameworks */ = {
			isa = PBXFrameworksBuildPhase;
			buildActionMask = 2147483647;
			files = (
				660787252B527D8100F4A94E /* Pods_MyMusic.framework in Frameworks */,
			);
			runOnlyForDeploymentPostprocessing = 0;
		};
/* End PBXFrameworksBuildPhase section */

/* Begin PBXGroup section */
		0B6E95EEFB65FFA0B9F4D9DB /* Frameworks */ = {
			isa = PBXGroup;
			children = (
				6D4DF0A5A6992E3817E66D5D /* Pods_MyMusic.framework */,
				5761DDB1D1BFA9452EC2721F /* Pods_MyMusicTests.framework */,
			);
			name = Frameworks;
			sourceTree = "<group>";
		};
		660787192B52165800F4A94E /* Builder */ = {
			isa = PBXGroup;
			children = (
				6607871B2B52167900F4A94E /* AlertBuilder.swift */,
			);
			path = Builder;
			sourceTree = "<group>";
		};
		6607872E2B52885200F4A94E /* UserDefaults */ = {
			isa = PBXGroup;
			children = (
				660787312B52891D00F4A94E /* UserDefaultsService.swift */,
				6607872F2B52886200F4A94E /* UserDefaultsKey.swift */,
			);
			path = UserDefaults;
			sourceTree = "<group>";
		};
		660787332B52998000F4A94E /* UserDefaultsStorage */ = {
			isa = PBXGroup;
			children = (
				6607873A2B529C4800F4A94E /* UserDefaultsStorage.swift */,
				660787342B52999100F4A94E /* DefaultUserDefaultsHomeStorage.swift */,
			);
			path = UserDefaultsStorage;
			sourceTree = "<group>";
		};
		660787362B529A2F00F4A94E /* PersistentStorage */ = {
			isa = PBXGroup;
			children = (
				660787332B52998000F4A94E /* UserDefaultsStorage */,
			);
			path = PersistentStorage;
			sourceTree = "<group>";
		};
		660787372B529A3C00F4A94E /* Home */ = {
			isa = PBXGroup;
			children = (
				A8F206942B4E0DB9007A5935 /* DefaultHomeRepository.swift */,
			);
			path = Home;
			sourceTree = "<group>";
		};
		660787402B529CFB00F4A94E /* Music */ = {
			isa = PBXGroup;
			children = (
				6607873E2B529CEC00F4A94E /* MusicRepository.swift */,
			);
			path = Music;
			sourceTree = "<group>";
		};
		660787412B529D0300F4A94E /* Music */ = {
			isa = PBXGroup;
			children = (
				6607873C2B529CCF00F4A94E /* DefaultMusicRepository.swift */,
			);
			path = Music;
			sourceTree = "<group>";
		};
		660787452B52AAC200F4A94E /* Subviews */ = {
			isa = PBXGroup;
			children = (
				660787462B52AACF00F4A94E /* HomeContentView.swift */,
			);
			path = Subviews;
			sourceTree = "<group>";
		};
		660787482B52AEB300F4A94E /* Utils */ = {
			isa = PBXGroup;
			children = (
				660787492B52AECB00F4A94E /* HomeContentViewBuilder.swift */,
			);
			path = Utils;
			sourceTree = "<group>";
		};
		A8694C5F2B4E5F4B006A4914 /* Extension */ = {
			isa = PBXGroup;
			children = (
				A8694C602B4E5F81006A4914 /* UIViewController+Preview.swift */,
				A8694CE02B4FB890006A4914 /* UIViewController+Rx.swift */,
				A8694CE22B4FB8B1006A4914 /* Observable+Operation.swift */,
				A8694CF72B50B152006A4914 /* UIView+Shadow.swift */,
				A8694CF92B50B17D006A4914 /* CALayer+Shadow.swift */,
				A8694CFB2B50B719006A4914 /* NSAttributedString+Operator.swift */,
				6607871D2B52223C00F4A94E /* UIScrollView.swift */,
				6607872A2B5285BD00F4A94E /* Notification+Name.swift */,
			);
			path = Extension;
			sourceTree = "<group>";
		};
		A8694CCB2B4E728D006A4914 /* MyMusicTests */ = {
			isa = PBXGroup;
			children = (
				A8694CCC2B4E728D006A4914 /* MyMusicTests.swift */,
			);
			path = MyMusicTests;
			sourceTree = "<group>";
		};
		A8694CE42B4FBB5E006A4914 /* Permission */ = {
			isa = PBXGroup;
			children = (
				A8694CE62B4FBB6C006A4914 /* ViewModel */,
				A8694CE52B4FBB6A006A4914 /* View */,
			);
			path = Permission;
			sourceTree = "<group>";
		};
		A8694CE52B4FBB6A006A4914 /* View */ = {
			isa = PBXGroup;
			children = (
				A8694CE72B4FBB88006A4914 /* PermissionViewController.swift */,
			);
			path = View;
			sourceTree = "<group>";
		};
		A8694CE62B4FBB6C006A4914 /* ViewModel */ = {
			isa = PBXGroup;
			children = (
				A8694CEC2B4FD45A006A4914 /* PermissionViewModel.swift */,
			);
			path = ViewModel;
			sourceTree = "<group>";
		};
		A8694CEE2B50AD42006A4914 /* Alert */ = {
			isa = PBXGroup;
			children = (
				A8694CEF2B50AD64006A4914 /* AlertBaseView.swift */,
			);
			path = Alert;
			sourceTree = "<group>";
		};
		A8694CF12B50AE14006A4914 /* Button */ = {
			isa = PBXGroup;
			children = (
				A8694CF22B50AE27006A4914 /* CustomButton.swift */,
				A8694CFD2B50D6E2006A4914 /* OutlineButton.swift */,
			);
			path = Button;
			sourceTree = "<group>";
		};
		A8694CF42B50AE53006A4914 /* Enum */ = {
			isa = PBXGroup;
			children = (
				A8694CF52B50AE5A006A4914 /* ButtonStyle.swift */,
			);
			path = Enum;
			sourceTree = "<group>";
		};
		A8F2062F2B4E0B15007A5935 = {
			isa = PBXGroup;
			children = (
				A8F2063A2B4E0B15007A5935 /* MyMusic */,
				A8694CCB2B4E728D006A4914 /* MyMusicTests */,
				A8F206392B4E0B15007A5935 /* Products */,
				E92029249AA1D42E31734880 /* Pods */,
				0B6E95EEFB65FFA0B9F4D9DB /* Frameworks */,
			);
			sourceTree = "<group>";
		};
		A8F206392B4E0B15007A5935 /* Products */ = {
			isa = PBXGroup;
			children = (
				A8F206382B4E0B15007A5935 /* MyMusic.app */,
				A8694CCA2B4E728D006A4914 /* MyMusicTests.xctest */,
			);
			name = Products;
			sourceTree = "<group>";
		};
		A8F2063A2B4E0B15007A5935 /* MyMusic */ = {
			isa = PBXGroup;
			children = (
				A8F2064F2B4E0B1C007A5935 /* Application */,
				A8F206542B4E0B2C007A5935 /* Presentation */,
				A8F206532B4E0B2A007A5935 /* Domain */,
				A8F206522B4E0B29007A5935 /* Data */,
				A8F206512B4E0B23007A5935 /* Infrastructure */,
				A8F206502B4E0B20007A5935 /* Resources */,
			);
			path = MyMusic;
			sourceTree = "<group>";
		};
		A8F2064F2B4E0B1C007A5935 /* Application */ = {
			isa = PBXGroup;
			children = (
				A8F2063B2B4E0B15007A5935 /* AppDelegate.swift */,
				A8F2063D2B4E0B15007A5935 /* SceneDelegate.swift */,
				A8F2065A2B4E0BE9007A5935 /* AppConfiguration.swift */,
				A8F2065C2B4E0BFC007A5935 /* AppFlowCoordinator.swift */,
				A8F206562B4E0B8E007A5935 /* DIContainer */,
			);
			path = Application;
			sourceTree = "<group>";
		};
		A8F206502B4E0B20007A5935 /* Resources */ = {
			isa = PBXGroup;
			children = (
				A8F206442B4E0B16007A5935 /* Assets.xcassets */,
				A8F206462B4E0B16007A5935 /* LaunchScreen.storyboard */,
				A8F206492B4E0B16007A5935 /* Info.plist */,
				664F99E32B50324F0005A95D /* Environment-Release.xcconfig */,
				660787292B52807500F4A94E /* Environment-Debug.xcconfig */,
			);
			path = Resources;
			sourceTree = "<group>";
		};
		A8F206512B4E0B23007A5935 /* Infrastructure */ = {
			isa = PBXGroup;
			children = (
				6607872E2B52885200F4A94E /* UserDefaults */,
				660787192B52165800F4A94E /* Builder */,
				A8694CF42B50AE53006A4914 /* Enum */,
				A8F206C72B4E38A4007A5935 /* Moya */,
				A8F206622B4E0C31007A5935 /* Network */,
				A8F206592B4E0BD5007A5935 /* Protocols */,
				A8694C5F2B4E5F4B006A4914 /* Extension */,
				A8F2069B2B4E0E90007A5935 /* ReuseableView */,
				A8F2069E2B4E0ED5007A5935 /* Constants */,
			);
			path = Infrastructure;
			sourceTree = "<group>";
		};
		A8F206522B4E0B29007A5935 /* Data */ = {
			isa = PBXGroup;
			children = (
				A8F206912B4E0DAD007A5935 /* Repositories */,
				660787362B529A2F00F4A94E /* PersistentStorage */,
			);
			path = Data;
			sourceTree = "<group>";
		};
		A8F206532B4E0B2A007A5935 /* Domain */ = {
			isa = PBXGroup;
			children = (
				A8F206852B4E0D7C007A5935 /* UseCase */,
				A8F2068A2B4E0D8A007A5935 /* Repositories */,
			);
			path = Domain;
			sourceTree = "<group>";
		};
		A8F206542B4E0B2C007A5935 /* Presentation */ = {
			isa = PBXGroup;
			children = (
				A8F2066B2B4E0C6E007A5935 /* TabBar */,
				A8F206702B4E0C95007A5935 /* Home */,
				A8F206772B4E0D0D007A5935 /* Setting */,
				A8694CE42B4FBB5E006A4914 /* Permission */,
			);
			path = Presentation;
			sourceTree = "<group>";
		};
		A8F206562B4E0B8E007A5935 /* DIContainer */ = {
			isa = PBXGroup;
			children = (
				A8F2065E2B4E0C0B007A5935 /* AppDIContainer.swift */,
				A8F206602B4E0C1E007A5935 /* MainSceneDIContainer.swift */,
			);
			path = DIContainer;
			sourceTree = "<group>";
		};
		A8F206592B4E0BD5007A5935 /* Protocols */ = {
			isa = PBXGroup;
			children = (
				A8F206572B4E0BAE007A5935 /* Coordinator.swift */,
			);
			path = Protocols;
			sourceTree = "<group>";
		};
		A8F206622B4E0C31007A5935 /* Network */ = {
			isa = PBXGroup;
			children = (
				A8F206632B4E0C3A007A5935 /* DataTransfrerService.swift */,
				A8F206652B4E0C46007A5935 /* NetworkService.swift */,
				A8F206672B4E0C54007A5935 /* Endpoint.swift */,
				A8F206692B4E0C5A007A5935 /* NetworkConfig.swift */,
			);
			path = Network;
			sourceTree = "<group>";
		};
		A8F2066B2B4E0C6E007A5935 /* TabBar */ = {
			isa = PBXGroup;
			children = (
				A8F2066C2B4E0C7C007A5935 /* TabBarCoordinator.swift */,
				A8F2066E2B4E0C81007A5935 /* TabBarPage.swift */,
			);
			path = TabBar;
			sourceTree = "<group>";
		};
		A8F206702B4E0C95007A5935 /* Home */ = {
			isa = PBXGroup;
			children = (
				A8F206822B4E0D39007A5935 /* Flow */,
				A8F206832B4E0D40007A5935 /* ViewModel */,
				A8F206842B4E0D44007A5935 /* View */,
				660787482B52AEB300F4A94E /* Utils */,
			);
			path = Home;
			sourceTree = "<group>";
		};
		A8F206772B4E0D0D007A5935 /* Setting */ = {
			isa = PBXGroup;
			children = (
				A8F2067A2B4E0D1F007A5935 /* Flow */,
				A8F206792B4E0D1D007A5935 /* ViewModel */,
				A8F206782B4E0D19007A5935 /* View */,
			);
			path = Setting;
			sourceTree = "<group>";
		};
		A8F206782B4E0D19007A5935 /* View */ = {
			isa = PBXGroup;
			children = (
				A8F206802B4E0D35007A5935 /* SettingViewController.swift */,
			);
			path = View;
			sourceTree = "<group>";
		};
		A8F206792B4E0D1D007A5935 /* ViewModel */ = {
			isa = PBXGroup;
			children = (
				A8F2067E2B4E0D30007A5935 /* SettingViewModel.swift */,
			);
			path = ViewModel;
			sourceTree = "<group>";
		};
		A8F2067A2B4E0D1F007A5935 /* Flow */ = {
			isa = PBXGroup;
			children = (
				A8F2067B2B4E0D26007A5935 /* SettingCoordinator.swift */,
			);
			path = Flow;
			sourceTree = "<group>";
		};
		A8F206822B4E0D39007A5935 /* Flow */ = {
			isa = PBXGroup;
			children = (
				A8F206712B4E0CF4007A5935 /* HomeCoordinator.swift */,
			);
			path = Flow;
			sourceTree = "<group>";
		};
		A8F206832B4E0D40007A5935 /* ViewModel */ = {
			isa = PBXGroup;
			children = (
				A8F206752B4E0D07007A5935 /* HomeViewModel.swift */,
			);
			path = ViewModel;
			sourceTree = "<group>";
		};
		A8F206842B4E0D44007A5935 /* View */ = {
			isa = PBXGroup;
			children = (
				A8F206732B4E0D03007A5935 /* HomeViewController.swift */,
				660787452B52AAC200F4A94E /* Subviews */,
			);
			path = View;
			sourceTree = "<group>";
		};
		A8F206852B4E0D7C007A5935 /* UseCase */ = {
			isa = PBXGroup;
			children = (
				A8F206862B4E0D83007A5935 /* HomeUseCase.swift */,
				A8F206882B4E0D87007A5935 /* SettingUseCase.swift */,
				A8694CEA2B4FD3F7006A4914 /* MusicUseCase.swift */,
			);
			path = UseCase;
			sourceTree = "<group>";
		};
		A8F2068A2B4E0D8A007A5935 /* Repositories */ = {
			isa = PBXGroup;
			children = (
				A8F2068C2B4E0D94007A5935 /* Home */,
				A8F2068B2B4E0D92007A5935 /* Setting */,
				660787402B529CFB00F4A94E /* Music */,
			);
			path = Repositories;
			sourceTree = "<group>";
		};
		A8F2068B2B4E0D92007A5935 /* Setting */ = {
			isa = PBXGroup;
			children = (
				A8F2068D2B4E0D9F007A5935 /* SettingRepository.swift */,
			);
			path = Setting;
			sourceTree = "<group>";
		};
		A8F2068C2B4E0D94007A5935 /* Home */ = {
			isa = PBXGroup;
			children = (
				A8F2068F2B4E0DA9007A5935 /* HomeRepository.swift */,
			);
			path = Home;
			sourceTree = "<group>";
		};
		A8F206912B4E0DAD007A5935 /* Repositories */ = {
			isa = PBXGroup;
			children = (
				660787372B529A3C00F4A94E /* Home */,
				A8F206922B4E0DB1007A5935 /* Setting */,
				660787412B529D0300F4A94E /* Music */,
			);
			path = Repositories;
			sourceTree = "<group>";
		};
		A8F206922B4E0DB1007A5935 /* Setting */ = {
			isa = PBXGroup;
			children = (
				A8F206962B4E0DC0007A5935 /* DefaultSettingRepository.swift */,
			);
			path = Setting;
			sourceTree = "<group>";
		};
		A8F2069B2B4E0E90007A5935 /* ReuseableView */ = {
			isa = PBXGroup;
			children = (
				A8694CF12B50AE14006A4914 /* Button */,
				A8694CEE2B50AD42006A4914 /* Alert */,
				A8F2069C2B4E0E9E007A5935 /* NavigationView.swift */,
			);
			path = ReuseableView;
			sourceTree = "<group>";
		};
		A8F2069E2B4E0ED5007A5935 /* Constants */ = {
			isa = PBXGroup;
			children = (
				A8F2069F2B4E0EE5007A5935 /* Constants.swift */,
				A8694CDE2B4E7398006A4914 /* Constants+Home.swift */,
				664F99E42B5037AC0005A95D /* Constants+Permission.swift */,
			);
			path = Constants;
			sourceTree = "<group>";
		};
		A8F206C72B4E38A4007A5935 /* Moya */ = {
			isa = PBXGroup;
			children = (
				A8F206C82B4E38BE007A5935 /* NetworkManager.swift */,
			);
			path = Moya;
			sourceTree = "<group>";
		};
		E92029249AA1D42E31734880 /* Pods */ = {
			isa = PBXGroup;
			children = (
				70FD273255B2377B671B3208 /* Pods-MyMusic.debug.xcconfig */,
				CF1FB06AE828DA33550C919C /* Pods-MyMusic.release.xcconfig */,
				960FD3C346CA493601895192 /* Pods-MyMusicTests.debug.xcconfig */,
				14A5960E7A28F23D0829F40C /* Pods-MyMusicTests.release.xcconfig */,
			);
			path = Pods;
			sourceTree = "<group>";
		};
/* End PBXGroup section */

/* Begin PBXNativeTarget section */
		A8694CC92B4E728D006A4914 /* MyMusicTests */ = {
			isa = PBXNativeTarget;
			buildConfigurationList = A8694CD02B4E728D006A4914 /* Build configuration list for PBXNativeTarget "MyMusicTests" */;
			buildPhases = (
				27DED6C2CDD483B13655E6B5 /* [CP] Check Pods Manifest.lock */,
				A8694CC62B4E728D006A4914 /* Sources */,
				A8694CC72B4E728D006A4914 /* Frameworks */,
				A8694CC82B4E728D006A4914 /* Resources */,
				A8694CD82B4E72CD006A4914 /* Embed Frameworks */,
			);
			buildRules = (
			);
			dependencies = (
				A8694CCF2B4E728D006A4914 /* PBXTargetDependency */,
			);
			name = MyMusicTests;
			productName = MyMusicTests;
			productReference = A8694CCA2B4E728D006A4914 /* MyMusicTests.xctest */;
			productType = "com.apple.product-type.bundle.unit-test";
		};
		A8F206372B4E0B15007A5935 /* MyMusic */ = {
			isa = PBXNativeTarget;
			buildConfigurationList = A8F2064C2B4E0B16007A5935 /* Build configuration list for PBXNativeTarget "MyMusic" */;
			buildPhases = (
				52DAA5DF8938889AC44F1A8A /* [CP] Check Pods Manifest.lock */,
				A8F206342B4E0B15007A5935 /* Sources */,
				A8F206352B4E0B15007A5935 /* Frameworks */,
				A8F206362B4E0B15007A5935 /* Resources */,
				A8694C662B4E65CD006A4914 /* Embed Frameworks */,
				49331B1A47B397E0E744F265 /* [CP] Embed Pods Frameworks */,
			);
			buildRules = (
			);
			dependencies = (
			);
			name = MyMusic;
			productName = MyMusic;
			productReference = A8F206382B4E0B15007A5935 /* MyMusic.app */;
			productType = "com.apple.product-type.application";
		};
/* End PBXNativeTarget section */

/* Begin PBXProject section */
		A8F206302B4E0B15007A5935 /* Project object */ = {
			isa = PBXProject;
			attributes = {
				BuildIndependentTargetsInParallel = 1;
				LastSwiftUpdateCheck = 1500;
				LastUpgradeCheck = 1500;
				TargetAttributes = {
					A8694CC92B4E728D006A4914 = {
						CreatedOnToolsVersion = 15.0.1;
						TestTargetID = A8F206372B4E0B15007A5935;
					};
					A8F206372B4E0B15007A5935 = {
						CreatedOnToolsVersion = 15.0.1;
					};
				};
			};
			buildConfigurationList = A8F206332B4E0B15007A5935 /* Build configuration list for PBXProject "MyMusic" */;
			compatibilityVersion = "Xcode 14.0";
			developmentRegion = en;
			hasScannedForEncodings = 0;
			knownRegions = (
				en,
				Base,
			);
			mainGroup = A8F2062F2B4E0B15007A5935;
			productRefGroup = A8F206392B4E0B15007A5935 /* Products */;
			projectDirPath = "";
			projectRoot = "";
			targets = (
				A8F206372B4E0B15007A5935 /* MyMusic */,
				A8694CC92B4E728D006A4914 /* MyMusicTests */,
			);
		};
/* End PBXProject section */

/* Begin PBXResourcesBuildPhase section */
		A8694CC82B4E728D006A4914 /* Resources */ = {
			isa = PBXResourcesBuildPhase;
			buildActionMask = 2147483647;
			files = (
			);
			runOnlyForDeploymentPostprocessing = 0;
		};
		A8F206362B4E0B15007A5935 /* Resources */ = {
			isa = PBXResourcesBuildPhase;
			buildActionMask = 2147483647;
			files = (
				A8F206482B4E0B16007A5935 /* LaunchScreen.storyboard in Resources */,
				A8F206452B4E0B16007A5935 /* Assets.xcassets in Resources */,
			);
			runOnlyForDeploymentPostprocessing = 0;
		};
/* End PBXResourcesBuildPhase section */

/* Begin PBXShellScriptBuildPhase section */
		27DED6C2CDD483B13655E6B5 /* [CP] Check Pods Manifest.lock */ = {
			isa = PBXShellScriptBuildPhase;
			buildActionMask = 2147483647;
			files = (
			);
			inputFileListPaths = (
			);
			inputPaths = (
				"${PODS_PODFILE_DIR_PATH}/Podfile.lock",
				"${PODS_ROOT}/Manifest.lock",
			);
			name = "[CP] Check Pods Manifest.lock";
			outputFileListPaths = (
			);
			outputPaths = (
				"$(DERIVED_FILE_DIR)/Pods-MyMusicTests-checkManifestLockResult.txt",
			);
			runOnlyForDeploymentPostprocessing = 0;
			shellPath = /bin/sh;
			shellScript = "diff \"${PODS_PODFILE_DIR_PATH}/Podfile.lock\" \"${PODS_ROOT}/Manifest.lock\" > /dev/null\nif [ $? != 0 ] ; then\n    # print error to STDERR\n    echo \"error: The sandbox is not in sync with the Podfile.lock. Run 'pod install' or update your CocoaPods installation.\" >&2\n    exit 1\nfi\n# This output is used by Xcode 'outputs' to avoid re-running this script phase.\necho \"SUCCESS\" > \"${SCRIPT_OUTPUT_FILE_0}\"\n";
			showEnvVarsInLog = 0;
		};
		49331B1A47B397E0E744F265 /* [CP] Embed Pods Frameworks */ = {
			isa = PBXShellScriptBuildPhase;
			buildActionMask = 2147483647;
			files = (
			);
			inputFileListPaths = (
				"${PODS_ROOT}/Target Support Files/Pods-MyMusic/Pods-MyMusic-frameworks-${CONFIGURATION}-input-files.xcfilelist",
			);
			name = "[CP] Embed Pods Frameworks";
			outputFileListPaths = (
				"${PODS_ROOT}/Target Support Files/Pods-MyMusic/Pods-MyMusic-frameworks-${CONFIGURATION}-output-files.xcfilelist",
			);
			runOnlyForDeploymentPostprocessing = 0;
			shellPath = /bin/sh;
			shellScript = "\"${PODS_ROOT}/Target Support Files/Pods-MyMusic/Pods-MyMusic-frameworks.sh\"\n";
			showEnvVarsInLog = 0;
		};
		52DAA5DF8938889AC44F1A8A /* [CP] Check Pods Manifest.lock */ = {
			isa = PBXShellScriptBuildPhase;
			buildActionMask = 2147483647;
			files = (
			);
			inputFileListPaths = (
			);
			inputPaths = (
				"${PODS_PODFILE_DIR_PATH}/Podfile.lock",
				"${PODS_ROOT}/Manifest.lock",
			);
			name = "[CP] Check Pods Manifest.lock";
			outputFileListPaths = (
			);
			outputPaths = (
				"$(DERIVED_FILE_DIR)/Pods-MyMusic-checkManifestLockResult.txt",
			);
			runOnlyForDeploymentPostprocessing = 0;
			shellPath = /bin/sh;
			shellScript = "diff \"${PODS_PODFILE_DIR_PATH}/Podfile.lock\" \"${PODS_ROOT}/Manifest.lock\" > /dev/null\nif [ $? != 0 ] ; then\n    # print error to STDERR\n    echo \"error: The sandbox is not in sync with the Podfile.lock. Run 'pod install' or update your CocoaPods installation.\" >&2\n    exit 1\nfi\n# This output is used by Xcode 'outputs' to avoid re-running this script phase.\necho \"SUCCESS\" > \"${SCRIPT_OUTPUT_FILE_0}\"\n";
			showEnvVarsInLog = 0;
		};
/* End PBXShellScriptBuildPhase section */

/* Begin PBXSourcesBuildPhase section */
		A8694CC62B4E728D006A4914 /* Sources */ = {
			isa = PBXSourcesBuildPhase;
			buildActionMask = 2147483647;
			files = (
				A8694CCD2B4E728D006A4914 /* MyMusicTests.swift in Sources */,
			);
			runOnlyForDeploymentPostprocessing = 0;
		};
		A8F206342B4E0B15007A5935 /* Sources */ = {
			isa = PBXSourcesBuildPhase;
			buildActionMask = 2147483647;
			files = (
				660787302B52886200F4A94E /* UserDefaultsKey.swift in Sources */,
				A8694CF62B50AE5A006A4914 /* ButtonStyle.swift in Sources */,
				A8694CDF2B4E7398006A4914 /* Constants+Home.swift in Sources */,
				A8F206662B4E0C46007A5935 /* NetworkService.swift in Sources */,
				A8694CFC2B50B719006A4914 /* NSAttributedString+Operator.swift in Sources */,
				A8694CFA2B50B17D006A4914 /* CALayer+Shadow.swift in Sources */,
				A8F206612B4E0C1E007A5935 /* MainSceneDIContainer.swift in Sources */,
				A8F2066A2B4E0C5A007A5935 /* NetworkConfig.swift in Sources */,
				A8F206762B4E0D07007A5935 /* HomeViewModel.swift in Sources */,
				A8694CF32B50AE27006A4914 /* CustomButton.swift in Sources */,
				A8F2065F2B4E0C0B007A5935 /* AppDIContainer.swift in Sources */,
				A8F206582B4E0BAE007A5935 /* Coordinator.swift in Sources */,
				660787322B52891D00F4A94E /* UserDefaultsService.swift in Sources */,
				A8F206902B4E0DA9007A5935 /* HomeRepository.swift in Sources */,
				A8F206742B4E0D03007A5935 /* HomeViewController.swift in Sources */,
				A8F2067F2B4E0D30007A5935 /* SettingViewModel.swift in Sources */,
				A8F206722B4E0CF4007A5935 /* HomeCoordinator.swift in Sources */,
				A8F2067C2B4E0D26007A5935 /* SettingCoordinator.swift in Sources */,
				6607871C2B52167900F4A94E /* AlertBuilder.swift in Sources */,
				A8F2065B2B4E0BE9007A5935 /* AppConfiguration.swift in Sources */,
				6607873B2B529C4800F4A94E /* UserDefaultsStorage.swift in Sources */,
				A8F2066D2B4E0C7C007A5935 /* TabBarCoordinator.swift in Sources */,
				A8694CF82B50B152006A4914 /* UIView+Shadow.swift in Sources */,
				A8F206642B4E0C3A007A5935 /* DataTransfrerService.swift in Sources */,
				A8F2063C2B4E0B15007A5935 /* AppDelegate.swift in Sources */,
				A8694CE32B4FB8B1006A4914 /* Observable+Operation.swift in Sources */,
				A8694CEB2B4FD3F7006A4914 /* MusicUseCase.swift in Sources */,
				6607874A2B52AECB00F4A94E /* HomeContentViewBuilder.swift in Sources */,
				A8F2068E2B4E0D9F007A5935 /* SettingRepository.swift in Sources */,
				A8F206872B4E0D83007A5935 /* HomeUseCase.swift in Sources */,
				A8F2065D2B4E0BFC007A5935 /* AppFlowCoordinator.swift in Sources */,
				A8694CE12B4FB890006A4914 /* UIViewController+Rx.swift in Sources */,
				A8F206682B4E0C54007A5935 /* Endpoint.swift in Sources */,
				A8F206812B4E0D35007A5935 /* SettingViewController.swift in Sources */,
				6607871E2B52223C00F4A94E /* UIScrollView.swift in Sources */,
				A8F206952B4E0DB9007A5935 /* DefaultHomeRepository.swift in Sources */,
				A8F2066F2B4E0C81007A5935 /* TabBarPage.swift in Sources */,
				6607872B2B5285BD00F4A94E /* Notification+Name.swift in Sources */,
				664F99E52B5037AC0005A95D /* Constants+Permission.swift in Sources */,
				A8F2069D2B4E0E9E007A5935 /* NavigationView.swift in Sources */,
				A8694CED2B4FD45A006A4914 /* PermissionViewModel.swift in Sources */,
				A8F206892B4E0D87007A5935 /* SettingUseCase.swift in Sources */,
				A8F206C92B4E38BE007A5935 /* NetworkManager.swift in Sources */,
				A8694CFE2B50D6E2006A4914 /* OutlineButton.swift in Sources */,
				A8694CE82B4FBB88006A4914 /* PermissionViewController.swift in Sources */,
				660787472B52AACF00F4A94E /* HomeContentView.swift in Sources */,
				A8F2063E2B4E0B15007A5935 /* SceneDelegate.swift in Sources */,
				6607873D2B529CCF00F4A94E /* DefaultMusicRepository.swift in Sources */,
				A8694C612B4E5F81006A4914 /* UIViewController+Preview.swift in Sources */,
				A8F206972B4E0DC0007A5935 /* DefaultSettingRepository.swift in Sources */,
				A8F206A02B4E0EE5007A5935 /* Constants.swift in Sources */,
				6607873F2B529CEC00F4A94E /* MusicRepository.swift in Sources */,
				A8694CF02B50AD64006A4914 /* AlertBaseView.swift in Sources */,
				660787352B52999100F4A94E /* DefaultUserDefaultsHomeStorage.swift in Sources */,
			);
			runOnlyForDeploymentPostprocessing = 0;
		};
/* End PBXSourcesBuildPhase section */

/* Begin PBXTargetDependency section */
		A8694CCF2B4E728D006A4914 /* PBXTargetDependency */ = {
			isa = PBXTargetDependency;
			target = A8F206372B4E0B15007A5935 /* MyMusic */;
			targetProxy = A8694CCE2B4E728D006A4914 /* PBXContainerItemProxy */;
		};
/* End PBXTargetDependency section */

/* Begin PBXVariantGroup section */
		A8F206462B4E0B16007A5935 /* LaunchScreen.storyboard */ = {
			isa = PBXVariantGroup;
			children = (
				A8F206472B4E0B16007A5935 /* Base */,
			);
			name = LaunchScreen.storyboard;
			sourceTree = "<group>";
		};
/* End PBXVariantGroup section */

/* Begin XCBuildConfiguration section */
		A8694CD12B4E728D006A4914 /* Debug */ = {
			isa = XCBuildConfiguration;
			baseConfigurationReference = 960FD3C346CA493601895192 /* Pods-MyMusicTests.debug.xcconfig */;
			buildSettings = {
				BUNDLE_LOADER = "$(TEST_HOST)";
				CODE_SIGN_STYLE = Automatic;
				CURRENT_PROJECT_VERSION = 1;
				DEVELOPMENT_TEAM = VW2UR5Y845;
				GENERATE_INFOPLIST_FILE = YES;
				MARKETING_VERSION = 1.0;
				PRODUCT_BUNDLE_IDENTIFIER = com.junhyeok.MyMusicTests;
				PRODUCT_NAME = "$(TARGET_NAME)";
				SWIFT_EMIT_LOC_STRINGS = NO;
				SWIFT_VERSION = 5.0;
				TARGETED_DEVICE_FAMILY = "1,2";
				TEST_HOST = "$(BUILT_PRODUCTS_DIR)/MyMusic.app/$(BUNDLE_EXECUTABLE_FOLDER_PATH)/MyMusic";
			};
			name = Debug;
		};
		A8694CD22B4E728D006A4914 /* Release */ = {
			isa = XCBuildConfiguration;
			baseConfigurationReference = 14A5960E7A28F23D0829F40C /* Pods-MyMusicTests.release.xcconfig */;
			buildSettings = {
				BUNDLE_LOADER = "$(TEST_HOST)";
				CODE_SIGN_STYLE = Automatic;
				CURRENT_PROJECT_VERSION = 1;
				DEVELOPMENT_TEAM = VW2UR5Y845;
				GENERATE_INFOPLIST_FILE = YES;
				MARKETING_VERSION = 1.0;
				PRODUCT_BUNDLE_IDENTIFIER = com.junhyeok.MyMusicTests;
				PRODUCT_NAME = "$(TARGET_NAME)";
				SWIFT_EMIT_LOC_STRINGS = NO;
				SWIFT_VERSION = 5.0;
				TARGETED_DEVICE_FAMILY = "1,2";
				TEST_HOST = "$(BUILT_PRODUCTS_DIR)/MyMusic.app/$(BUNDLE_EXECUTABLE_FOLDER_PATH)/MyMusic";
			};
			name = Release;
		};
		A8F2064A2B4E0B16007A5935 /* Debug */ = {
			isa = XCBuildConfiguration;
			baseConfigurationReference = 660787292B52807500F4A94E /* Environment-Debug.xcconfig */;
			buildSettings = {
				ALWAYS_SEARCH_USER_PATHS = NO;
				ASSETCATALOG_COMPILER_GENERATE_SWIFT_ASSET_SYMBOL_EXTENSIONS = YES;
				CLANG_ANALYZER_NONNULL = YES;
				CLANG_ANALYZER_NUMBER_OBJECT_CONVERSION = YES_AGGRESSIVE;
				CLANG_CXX_LANGUAGE_STANDARD = "gnu++20";
				CLANG_ENABLE_MODULES = YES;
				CLANG_ENABLE_OBJC_ARC = YES;
				CLANG_ENABLE_OBJC_WEAK = YES;
				CLANG_WARN_BLOCK_CAPTURE_AUTORELEASING = YES;
				CLANG_WARN_BOOL_CONVERSION = YES;
				CLANG_WARN_COMMA = YES;
				CLANG_WARN_CONSTANT_CONVERSION = YES;
				CLANG_WARN_DEPRECATED_OBJC_IMPLEMENTATIONS = YES;
				CLANG_WARN_DIRECT_OBJC_ISA_USAGE = YES_ERROR;
				CLANG_WARN_DOCUMENTATION_COMMENTS = YES;
				CLANG_WARN_EMPTY_BODY = YES;
				CLANG_WARN_ENUM_CONVERSION = YES;
				CLANG_WARN_INFINITE_RECURSION = YES;
				CLANG_WARN_INT_CONVERSION = YES;
				CLANG_WARN_NON_LITERAL_NULL_CONVERSION = YES;
				CLANG_WARN_OBJC_IMPLICIT_RETAIN_SELF = YES;
				CLANG_WARN_OBJC_LITERAL_CONVERSION = YES;
				CLANG_WARN_OBJC_ROOT_CLASS = YES_ERROR;
				CLANG_WARN_QUOTED_INCLUDE_IN_FRAMEWORK_HEADER = YES;
				CLANG_WARN_RANGE_LOOP_ANALYSIS = YES;
				CLANG_WARN_STRICT_PROTOTYPES = YES;
				CLANG_WARN_SUSPICIOUS_MOVE = YES;
				CLANG_WARN_UNGUARDED_AVAILABILITY = YES_AGGRESSIVE;
				CLANG_WARN_UNREACHABLE_CODE = YES;
				CLANG_WARN__DUPLICATE_METHOD_MATCH = YES;
				COPY_PHASE_STRIP = NO;
				DEBUG_INFORMATION_FORMAT = dwarf;
				ENABLE_STRICT_OBJC_MSGSEND = YES;
				ENABLE_TESTABILITY = YES;
				ENABLE_USER_SCRIPT_SANDBOXING = NO;
				GCC_C_LANGUAGE_STANDARD = gnu17;
				GCC_DYNAMIC_NO_PIC = NO;
				GCC_NO_COMMON_BLOCKS = YES;
				GCC_OPTIMIZATION_LEVEL = 0;
				GCC_PREPROCESSOR_DEFINITIONS = (
					"DEBUG=1",
					"$(inherited)",
				);
				GCC_WARN_64_TO_32_BIT_CONVERSION = YES;
				GCC_WARN_ABOUT_RETURN_TYPE = YES_ERROR;
				GCC_WARN_UNDECLARED_SELECTOR = YES;
				GCC_WARN_UNINITIALIZED_AUTOS = YES_AGGRESSIVE;
				GCC_WARN_UNUSED_FUNCTION = YES;
				GCC_WARN_UNUSED_VARIABLE = YES;
				IPHONEOS_DEPLOYMENT_TARGET = 17.0;
				LOCALIZATION_PREFERS_STRING_CATALOGS = YES;
				MTL_ENABLE_DEBUG_INFO = INCLUDE_SOURCE;
				MTL_FAST_MATH = YES;
				ONLY_ACTIVE_ARCH = YES;
				SDKROOT = iphoneos;
				SWIFT_ACTIVE_COMPILATION_CONDITIONS = "DEBUG $(inherited)";
				SWIFT_OPTIMIZATION_LEVEL = "-Onone";
			};
			name = Debug;
		};
		A8F2064B2B4E0B16007A5935 /* Release */ = {
			isa = XCBuildConfiguration;
			baseConfigurationReference = 664F99E32B50324F0005A95D /* Environment-Release.xcconfig */;
			buildSettings = {
				ALWAYS_SEARCH_USER_PATHS = NO;
				ASSETCATALOG_COMPILER_GENERATE_SWIFT_ASSET_SYMBOL_EXTENSIONS = YES;
				CLANG_ANALYZER_NONNULL = YES;
				CLANG_ANALYZER_NUMBER_OBJECT_CONVERSION = YES_AGGRESSIVE;
				CLANG_CXX_LANGUAGE_STANDARD = "gnu++20";
				CLANG_ENABLE_MODULES = YES;
				CLANG_ENABLE_OBJC_ARC = YES;
				CLANG_ENABLE_OBJC_WEAK = YES;
				CLANG_WARN_BLOCK_CAPTURE_AUTORELEASING = YES;
				CLANG_WARN_BOOL_CONVERSION = YES;
				CLANG_WARN_COMMA = YES;
				CLANG_WARN_CONSTANT_CONVERSION = YES;
				CLANG_WARN_DEPRECATED_OBJC_IMPLEMENTATIONS = YES;
				CLANG_WARN_DIRECT_OBJC_ISA_USAGE = YES_ERROR;
				CLANG_WARN_DOCUMENTATION_COMMENTS = YES;
				CLANG_WARN_EMPTY_BODY = YES;
				CLANG_WARN_ENUM_CONVERSION = YES;
				CLANG_WARN_INFINITE_RECURSION = YES;
				CLANG_WARN_INT_CONVERSION = YES;
				CLANG_WARN_NON_LITERAL_NULL_CONVERSION = YES;
				CLANG_WARN_OBJC_IMPLICIT_RETAIN_SELF = YES;
				CLANG_WARN_OBJC_LITERAL_CONVERSION = YES;
				CLANG_WARN_OBJC_ROOT_CLASS = YES_ERROR;
				CLANG_WARN_QUOTED_INCLUDE_IN_FRAMEWORK_HEADER = YES;
				CLANG_WARN_RANGE_LOOP_ANALYSIS = YES;
				CLANG_WARN_STRICT_PROTOTYPES = YES;
				CLANG_WARN_SUSPICIOUS_MOVE = YES;
				CLANG_WARN_UNGUARDED_AVAILABILITY = YES_AGGRESSIVE;
				CLANG_WARN_UNREACHABLE_CODE = YES;
				CLANG_WARN__DUPLICATE_METHOD_MATCH = YES;
				COPY_PHASE_STRIP = NO;
				DEBUG_INFORMATION_FORMAT = "dwarf-with-dsym";
				ENABLE_NS_ASSERTIONS = YES;
				ENABLE_STRICT_OBJC_MSGSEND = YES;
				ENABLE_USER_SCRIPT_SANDBOXING = NO;
				GCC_C_LANGUAGE_STANDARD = gnu17;
				GCC_NO_COMMON_BLOCKS = YES;
				GCC_WARN_64_TO_32_BIT_CONVERSION = YES;
				GCC_WARN_ABOUT_RETURN_TYPE = YES_ERROR;
				GCC_WARN_UNDECLARED_SELECTOR = YES;
				GCC_WARN_UNINITIALIZED_AUTOS = YES_AGGRESSIVE;
				GCC_WARN_UNUSED_FUNCTION = YES;
				GCC_WARN_UNUSED_VARIABLE = YES;
				IPHONEOS_DEPLOYMENT_TARGET = 17.0;
				LOCALIZATION_PREFERS_STRING_CATALOGS = YES;
				MTL_ENABLE_DEBUG_INFO = NO;
				MTL_FAST_MATH = YES;
				SDKROOT = iphoneos;
				SWIFT_COMPILATION_MODE = wholemodule;
				VALIDATE_PRODUCT = YES;
			};
			name = Release;
		};
		A8F2064D2B4E0B16007A5935 /* Debug */ = {
			isa = XCBuildConfiguration;
			baseConfigurationReference = 660787292B52807500F4A94E /* Environment-Debug.xcconfig */;
			buildSettings = {
				ASSETCATALOG_COMPILER_APPICON_NAME = AppIcon;
				ASSETCATALOG_COMPILER_GLOBAL_ACCENT_COLOR_NAME = AccentColor;
				CODE_SIGN_STYLE = Automatic;
				CURRENT_PROJECT_VERSION = 1;
				DEVELOPMENT_TEAM = VW2UR5Y845;
				EAGER_LINKING = NO;
				GENERATE_INFOPLIST_FILE = YES;
				INFOPLIST_FILE = MyMusic/Resources/Info.plist;
				INFOPLIST_KEY_UIApplicationSupportsIndirectInputEvents = YES;
				INFOPLIST_KEY_UILaunchStoryboardName = LaunchScreen;
				INFOPLIST_KEY_UISupportedInterfaceOrientations_iPad = "UIInterfaceOrientationPortrait UIInterfaceOrientationPortraitUpsideDown UIInterfaceOrientationLandscapeLeft UIInterfaceOrientationLandscapeRight";
				INFOPLIST_KEY_UISupportedInterfaceOrientations_iPhone = "UIInterfaceOrientationPortrait UIInterfaceOrientationLandscapeLeft UIInterfaceOrientationLandscapeRight";
				IPHONEOS_DEPLOYMENT_TARGET = 16.0;
				LD_RUNPATH_SEARCH_PATHS = (
					"$(inherited)",
					"@executable_path/Frameworks",
				);
				MARKETING_VERSION = 1.0;
				MERGEABLE_LIBRARY = NO;
				ONLY_ACTIVE_ARCH = YES;
				PRODUCT_BUNDLE_IDENTIFIER = com.junhyeok.MyMusic;
				PRODUCT_NAME = "$(TARGET_NAME)";
				SUPPORTED_PLATFORMS = "iphoneos iphonesimulator";
				SUPPORTS_MACCATALYST = NO;
				SUPPORTS_MAC_DESIGNED_FOR_IPHONE_IPAD = NO;
				SWIFT_EMIT_LOC_STRINGS = YES;
				SWIFT_VERSION = 5.0;
				TARGETED_DEVICE_FAMILY = "1,2";
			};
			name = Debug;
		};
		A8F2064E2B4E0B16007A5935 /* Release */ = {
			isa = XCBuildConfiguration;
			baseConfigurationReference = 664F99E32B50324F0005A95D /* Environment-Release.xcconfig */;
			buildSettings = {
				ASSETCATALOG_COMPILER_APPICON_NAME = AppIcon;
				ASSETCATALOG_COMPILER_GLOBAL_ACCENT_COLOR_NAME = AccentColor;
				CODE_SIGN_STYLE = Automatic;
				CURRENT_PROJECT_VERSION = 1;
				DEVELOPMENT_TEAM = VW2UR5Y845;
				EAGER_LINKING = NO;
				GENERATE_INFOPLIST_FILE = YES;
				INFOPLIST_FILE = MyMusic/Resources/Info.plist;
				INFOPLIST_KEY_UIApplicationSupportsIndirectInputEvents = YES;
				INFOPLIST_KEY_UILaunchStoryboardName = LaunchScreen;
				INFOPLIST_KEY_UISupportedInterfaceOrientations_iPad = "UIInterfaceOrientationPortrait UIInterfaceOrientationPortraitUpsideDown UIInterfaceOrientationLandscapeLeft UIInterfaceOrientationLandscapeRight";
				INFOPLIST_KEY_UISupportedInterfaceOrientations_iPhone = "UIInterfaceOrientationPortrait UIInterfaceOrientationLandscapeLeft UIInterfaceOrientationLandscapeRight";
				IPHONEOS_DEPLOYMENT_TARGET = 16.0;
				LD_RUNPATH_SEARCH_PATHS = (
					"$(inherited)",
					"@executable_path/Frameworks",
				);
				MARKETING_VERSION = 1.0;
				MERGEABLE_LIBRARY = NO;
				ONLY_ACTIVE_ARCH = NO;
				PRODUCT_BUNDLE_IDENTIFIER = com.junhyeok.MyMusic;
				PRODUCT_NAME = "$(TARGET_NAME)";
				SUPPORTED_PLATFORMS = "iphoneos iphonesimulator";
				SUPPORTS_MACCATALYST = NO;
				SUPPORTS_MAC_DESIGNED_FOR_IPHONE_IPAD = NO;
				SWIFT_EMIT_LOC_STRINGS = YES;
				SWIFT_VERSION = 5.0;
				TARGETED_DEVICE_FAMILY = "1,2";
			};
			name = Release;
		};
/* End XCBuildConfiguration section */

/* Begin XCConfigurationList section */
		A8694CD02B4E728D006A4914 /* Build configuration list for PBXNativeTarget "MyMusicTests" */ = {
			isa = XCConfigurationList;
			buildConfigurations = (
				A8694CD12B4E728D006A4914 /* Debug */,
				A8694CD22B4E728D006A4914 /* Release */,
			);
			defaultConfigurationIsVisible = 0;
			defaultConfigurationName = Release;
		};
		A8F206332B4E0B15007A5935 /* Build configuration list for PBXProject "MyMusic" */ = {
			isa = XCConfigurationList;
			buildConfigurations = (
				A8F2064A2B4E0B16007A5935 /* Debug */,
				A8F2064B2B4E0B16007A5935 /* Release */,
			);
			defaultConfigurationIsVisible = 0;
			defaultConfigurationName = Release;
		};
		A8F2064C2B4E0B16007A5935 /* Build configuration list for PBXNativeTarget "MyMusic" */ = {
			isa = XCConfigurationList;
			buildConfigurations = (
				A8F2064D2B4E0B16007A5935 /* Debug */,
				A8F2064E2B4E0B16007A5935 /* Release */,
			);
			defaultConfigurationIsVisible = 0;
			defaultConfigurationName = Release;
		};
/* End XCConfigurationList section */
	};
	rootObject = A8F206302B4E0B15007A5935 /* Project object */;
}
